
Microsoft Visual Studio Solution File, Format Version 12.00
# Visual Studio 14
VisualStudioVersion = 14.0.25420.1
MinimumVisualStudioVersion = 10.0.40219.1
Project("{8BC9CEB8-8B4A-11D0-8D11-00A0C91BC942}") = "TestParser", "TestParser\TestParser.vcxproj", "{802883BF-9291-42A1-8716-F0573F2DB503}"
EndProject
Global
	GlobalSection(SolutionConfigurationPlatforms) = preSolution
		Debug x64|Win = Debug x64|Win
		Debug x86|Win = Debug x86|Win
		Release x64|Win = Release x64|Win
		Release x86|Win = Release x86|Win
	EndGlobalSection
	GlobalSection(ProjectConfigurationPlatforms) = postSolution
		{802883BF-9291-42A1-8716-F0573F2DB503}.Debug x64|Win.ActiveCfg = Debug x64|x64
		{802883BF-9291-42A1-8716-F0573F2DB503}.Debug x64|Win.Build.0 = Debug x64|x64
		{802883BF-9291-42A1-8716-F0573F2DB503}.Debug x86|Win.ActiveCfg = Debug x86|Win32
		{802883BF-9291-42A1-8716-F0573F2DB503}.Debug x86|Win.Build.0 = Debug x86|Win32
		{802883BF-9291-42A1-8716-F0573F2DB503}.Release x64|Win.ActiveCfg = Release x64|x64
		{802883BF-9291-42A1-8716-F0573F2DB503}.Release x64|Win.Build.0 = Release x64|Win32
		{802883BF-9291-42A1-8716-F0573F2DB503}.Release x86|Win.ActiveCfg = Release x86|Win32
		{802883BF-9291-42A1-8716-F0573F2DB503}.Release x86|Win.Build.0 = Release x86|Win32
	EndGlobalSection
	GlobalSection(SolutionProperties) = preSolution
		HideSolutionNode = FALSE
	EndGlobalSection
EndGlobal
